
Microsoft Visual Studio Solution File, Format Version 12.00
# Visual Studio Version 17
VisualStudioVersion = 17.0.31903.59
MinimumVisualStudioVersion = 10.0.40219.1
Project("{2150E333-8FDC-42A3-9474-1A3956D46DE8}") = "src", "src", "{3502CD43-4D28-404A-8C7E-6984096F452A}"
EndProject
Project("{FAE04EC0-301F-11D3-BF4B-00C04F79EFBC}") = "Crisp.Syntax", "src\Crisp.Syntax\Crisp.Syntax.csproj", "{6B7431DF-2358-42A8-9072-9F391B5D784D}"
EndProject
Project("{FAE04EC0-301F-11D3-BF4B-00C04F79EFBC}") = "Crisp.Runtime", "src\Crisp.Runtime\Crisp.Runtime.csproj", "{6732FC22-85B1-4E09-BA47-D37EB7D4FAFA}"
EndProject
Project("{2150E333-8FDC-42A3-9474-1A3956D46DE8}") = "tests", "tests", "{759F1B5B-1318-4EC4-8139-C85F3566212B}"
EndProject
Project("{FAE04EC0-301F-11D3-BF4B-00C04F79EFBC}") = "Crisp.Syntax.Tests", "tests\Crisp.Syntax.Tests\Crisp.Syntax.Tests.csproj", "{5C0D7228-610A-411E-BFDB-0F94414D7D3D}"
EndProject
Project("{FAE04EC0-301F-11D3-BF4B-00C04F79EFBC}") = "Crisp.Runtime.Tests", "tests\Crisp.Runtime.Tests\Crisp.Runtime.Tests.csproj", "{01EE388B-0D8D-4598-8E9F-0EC92444D84D}"
EndProject
Project("{FAE04EC0-301F-11D3-BF4B-00C04F79EFBC}") = "Crisp.SourceGenerator", "src\Crisp.SourceGenerator\Crisp.SourceGenerator.csproj", "{9081487A-4D1C-4F9A-906B-8D34685D1A2A}"
EndProject
Project("{FAE04EC0-301F-11D3-BF4B-00C04F79EFBC}") = "Crisp.SourceGenerator.Tests", "tests\Crisp.SourceGenerator.Tests\Crisp.SourceGenerator.Tests.csproj", "{94CC584B-EF5D-4A7D-9CFB-F63178159B58}"
EndProject
Project("{FAE04EC0-301F-11D3-BF4B-00C04F79EFBC}") = "Crisp.Semantics", "src\Crisp.Semantics\Crisp.Semantics.csproj", "{E831F6AF-22B6-4C09-80D6-77B953B06C5A}"
EndProject
Project("{FAE04EC0-301F-11D3-BF4B-00C04F79EFBC}") = "Crisp.Semantics.Tests", "tests\Crisp.Semantics.Tests\Crisp.Semantics.Tests.csproj", "{E03EAE4B-8A58-42FB-B809-87AF0AE00522}"
EndProject
Project("{FAE04EC0-301F-11D3-BF4B-00C04F79EFBC}") = "Crisp.Snapshot.Tests", "tests\Crisp.Snapshot.Tests\Crisp.Snapshot.Tests.csproj", "{D38A674C-0728-4E83-A6B6-0122D67597EA}"
EndProject
Project("{FAE04EC0-301F-11D3-BF4B-00C04F79EFBC}") = "Crisp.Query", "src\Crisp.Query\Crisp.Query.csproj", "{0703B5B5-285A-4313-ADB2-7401392DB624}"
EndProject
Project("{FAE04EC0-301F-11D3-BF4B-00C04F79EFBC}") = "Crisp.Query.Tests", "tests\Crisp.Query.Tests\Crisp.Query.Tests.csproj", "{47062396-5DAB-45B7-B489-CC7AA2B5CA8D}"
EndProject
Project("{FAE04EC0-301F-11D3-BF4B-00C04F79EFBC}") = "Crisp.Lsp", "src\Crisp.Lsp\Crisp.Lsp.csproj", "{C850EA30-519C-46CE-B5DB-D7BAF41560BE}"
EndProject
Project("{FAE04EC0-301F-11D3-BF4B-00C04F79EFBC}") = "Crisp.Lsp.Tests", "tests\Crisp.Lsp.Tests\Crisp.Lsp.Tests.csproj", "{3A8803D4-D662-496A-B45C-278CF3B6A3C9}"
EndProject
Project("{FAE04EC0-301F-11D3-BF4B-00C04F79EFBC}") = "Crisp.Integration.Tests", "tests\Crisp.Integration.Tests\Crisp.Integration.Tests.csproj", "{73D1CC05-8482-4862-BB35-DC310B8CC61D}"
EndProject
Global
	GlobalSection(SolutionConfigurationPlatforms) = preSolution
		Debug|Any CPU = Debug|Any CPU
		Release|Any CPU = Release|Any CPU
	EndGlobalSection
	GlobalSection(SolutionProperties) = preSolution
		HideSolutionNode = FALSE
	EndGlobalSection
	GlobalSection(ProjectConfigurationPlatforms) = postSolution
		{6B7431DF-2358-42A8-9072-9F391B5D784D}.Debug|Any CPU.ActiveCfg = Debug|Any CPU
		{6B7431DF-2358-42A8-9072-9F391B5D784D}.Debug|Any CPU.Build.0 = Debug|Any CPU
		{6B7431DF-2358-42A8-9072-9F391B5D784D}.Release|Any CPU.ActiveCfg = Release|Any CPU
		{6B7431DF-2358-42A8-9072-9F391B5D784D}.Release|Any CPU.Build.0 = Release|Any CPU
		{6732FC22-85B1-4E09-BA47-D37EB7D4FAFA}.Debug|Any CPU.ActiveCfg = Debug|Any CPU
		{6732FC22-85B1-4E09-BA47-D37EB7D4FAFA}.Debug|Any CPU.Build.0 = Debug|Any CPU
		{6732FC22-85B1-4E09-BA47-D37EB7D4FAFA}.Release|Any CPU.ActiveCfg = Release|Any CPU
		{6732FC22-85B1-4E09-BA47-D37EB7D4FAFA}.Release|Any CPU.Build.0 = Release|Any CPU
		{5C0D7228-610A-411E-BFDB-0F94414D7D3D}.Debug|Any CPU.ActiveCfg = Debug|Any CPU
		{5C0D7228-610A-411E-BFDB-0F94414D7D3D}.Debug|Any CPU.Build.0 = Debug|Any CPU
		{5C0D7228-610A-411E-BFDB-0F94414D7D3D}.Release|Any CPU.ActiveCfg = Release|Any CPU
		{5C0D7228-610A-411E-BFDB-0F94414D7D3D}.Release|Any CPU.Build.0 = Release|Any CPU
		{01EE388B-0D8D-4598-8E9F-0EC92444D84D}.Debug|Any CPU.ActiveCfg = Debug|Any CPU
		{01EE388B-0D8D-4598-8E9F-0EC92444D84D}.Debug|Any CPU.Build.0 = Debug|Any CPU
		{01EE388B-0D8D-4598-8E9F-0EC92444D84D}.Release|Any CPU.ActiveCfg = Release|Any CPU
		{01EE388B-0D8D-4598-8E9F-0EC92444D84D}.Release|Any CPU.Build.0 = Release|Any CPU
		{9081487A-4D1C-4F9A-906B-8D34685D1A2A}.Debug|Any CPU.ActiveCfg = Debug|Any CPU
		{9081487A-4D1C-4F9A-906B-8D34685D1A2A}.Debug|Any CPU.Build.0 = Debug|Any CPU
		{9081487A-4D1C-4F9A-906B-8D34685D1A2A}.Release|Any CPU.ActiveCfg = Release|Any CPU
		{9081487A-4D1C-4F9A-906B-8D34685D1A2A}.Release|Any CPU.Build.0 = Release|Any CPU
		{94CC584B-EF5D-4A7D-9CFB-F63178159B58}.Debug|Any CPU.ActiveCfg = Debug|Any CPU
		{94CC584B-EF5D-4A7D-9CFB-F63178159B58}.Debug|Any CPU.Build.0 = Debug|Any CPU
		{94CC584B-EF5D-4A7D-9CFB-F63178159B58}.Release|Any CPU.ActiveCfg = Release|Any CPU
		{94CC584B-EF5D-4A7D-9CFB-F63178159B58}.Release|Any CPU.Build.0 = Release|Any CPU
		{E831F6AF-22B6-4C09-80D6-77B953B06C5A}.Debug|Any CPU.ActiveCfg = Debug|Any CPU
		{E831F6AF-22B6-4C09-80D6-77B953B06C5A}.Debug|Any CPU.Build.0 = Debug|Any CPU
		{E831F6AF-22B6-4C09-80D6-77B953B06C5A}.Release|Any CPU.ActiveCfg = Release|Any CPU
		{E831F6AF-22B6-4C09-80D6-77B953B06C5A}.Release|Any CPU.Build.0 = Release|Any CPU
		{E03EAE4B-8A58-42FB-B809-87AF0AE00522}.Debug|Any CPU.ActiveCfg = Debug|Any CPU
		{E03EAE4B-8A58-42FB-B809-87AF0AE00522}.Debug|Any CPU.Build.0 = Debug|Any CPU
		{E03EAE4B-8A58-42FB-B809-87AF0AE00522}.Release|Any CPU.ActiveCfg = Release|Any CPU
		{E03EAE4B-8A58-42FB-B809-87AF0AE00522}.Release|Any CPU.Build.0 = Release|Any CPU
		{D38A674C-0728-4E83-A6B6-0122D67597EA}.Debug|Any CPU.ActiveCfg = Debug|Any CPU
		{D38A674C-0728-4E83-A6B6-0122D67597EA}.Debug|Any CPU.Build.0 = Debug|Any CPU
		{D38A674C-0728-4E83-A6B6-0122D67597EA}.Release|Any CPU.ActiveCfg = Release|Any CPU
		{D38A674C-0728-4E83-A6B6-0122D67597EA}.Release|Any CPU.Build.0 = Release|Any CPU
		{0703B5B5-285A-4313-ADB2-7401392DB624}.Debug|Any CPU.ActiveCfg = Debug|Any CPU
		{0703B5B5-285A-4313-ADB2-7401392DB624}.Debug|Any CPU.Build.0 = Debug|Any CPU
		{0703B5B5-285A-4313-ADB2-7401392DB624}.Release|Any CPU.ActiveCfg = Release|Any CPU
		{0703B5B5-285A-4313-ADB2-7401392DB624}.Release|Any CPU.Build.0 = Release|Any CPU
		{47062396-5DAB-45B7-B489-CC7AA2B5CA8D}.Debug|Any CPU.ActiveCfg = Debug|Any CPU
		{47062396-5DAB-45B7-B489-CC7AA2B5CA8D}.Debug|Any CPU.Build.0 = Debug|Any CPU
		{47062396-5DAB-45B7-B489-CC7AA2B5CA8D}.Release|Any CPU.ActiveCfg = Release|Any CPU
		{47062396-5DAB-45B7-B489-CC7AA2B5CA8D}.Release|Any CPU.Build.0 = Release|Any CPU
		{C850EA30-519C-46CE-B5DB-D7BAF41560BE}.Debug|Any CPU.ActiveCfg = Debug|Any CPU
		{C850EA30-519C-46CE-B5DB-D7BAF41560BE}.Debug|Any CPU.Build.0 = Debug|Any CPU
		{C850EA30-519C-46CE-B5DB-D7BAF41560BE}.Release|Any CPU.ActiveCfg = Release|Any CPU
		{C850EA30-519C-46CE-B5DB-D7BAF41560BE}.Release|Any CPU.Build.0 = Release|Any CPU
		{3A8803D4-D662-496A-B45C-278CF3B6A3C9}.Debug|Any CPU.ActiveCfg = Debug|Any CPU
		{3A8803D4-D662-496A-B45C-278CF3B6A3C9}.Debug|Any CPU.Build.0 = Debug|Any CPU
		{3A8803D4-D662-496A-B45C-278CF3B6A3C9}.Release|Any CPU.ActiveCfg = Release|Any CPU
		{3A8803D4-D662-496A-B45C-278CF3B6A3C9}.Release|Any CPU.Build.0 = Release|Any CPU
		{73D1CC05-8482-4862-BB35-DC310B8CC61D}.Debug|Any CPU.ActiveCfg = Debug|Any CPU
		{73D1CC05-8482-4862-BB35-DC310B8CC61D}.Debug|Any CPU.Build.0 = Debug|Any CPU
		{73D1CC05-8482-4862-BB35-DC310B8CC61D}.Release|Any CPU.ActiveCfg = Release|Any CPU
		{73D1CC05-8482-4862-BB35-DC310B8CC61D}.Release|Any CPU.Build.0 = Release|Any CPU
	EndGlobalSection
	GlobalSection(NestedProjects) = preSolution
		{6B7431DF-2358-42A8-9072-9F391B5D784D} = {3502CD43-4D28-404A-8C7E-6984096F452A}
		{6732FC22-85B1-4E09-BA47-D37EB7D4FAFA} = {3502CD43-4D28-404A-8C7E-6984096F452A}
		{5C0D7228-610A-411E-BFDB-0F94414D7D3D} = {759F1B5B-1318-4EC4-8139-C85F3566212B}
		{01EE388B-0D8D-4598-8E9F-0EC92444D84D} = {759F1B5B-1318-4EC4-8139-C85F3566212B}
		{9081487A-4D1C-4F9A-906B-8D34685D1A2A} = {3502CD43-4D28-404A-8C7E-6984096F452A}
		{94CC584B-EF5D-4A7D-9CFB-F63178159B58} = {759F1B5B-1318-4EC4-8139-C85F3566212B}
		{E831F6AF-22B6-4C09-80D6-77B953B06C5A} = {3502CD43-4D28-404A-8C7E-6984096F452A}
		{E03EAE4B-8A58-42FB-B809-87AF0AE00522} = {759F1B5B-1318-4EC4-8139-C85F3566212B}
		{D38A674C-0728-4E83-A6B6-0122D67597EA} = {759F1B5B-1318-4EC4-8139-C85F3566212B}
		{0703B5B5-285A-4313-ADB2-7401392DB624} = {3502CD43-4D28-404A-8C7E-6984096F452A}
		{47062396-5DAB-45B7-B489-CC7AA2B5CA8D} = {759F1B5B-1318-4EC4-8139-C85F3566212B}
		{C850EA30-519C-46CE-B5DB-D7BAF41560BE} = {3502CD43-4D28-404A-8C7E-6984096F452A}
		{3A8803D4-D662-496A-B45C-278CF3B6A3C9} = {759F1B5B-1318-4EC4-8139-C85F3566212B}
		{73D1CC05-8482-4862-BB35-DC310B8CC61D} = {759F1B5B-1318-4EC4-8139-C85F3566212B}
	EndGlobalSection
EndGlobal
